// !$*UTF8*$!
{
	archiveVersion = 1;
	classes = {
	};
	objectVersion = 48;
	objects = {

/* Begin PBXBuildFile section */
		3DE9D18C1FD8A6700096DDC6 /* AppDelegate.swift in Sources */ = {isa = PBXBuildFile; fileRef = 3DE9D18B1FD8A6700096DDC6 /* AppDelegate.swift */; };
		3DE9D18E1FD8A6700096DDC6 /* ViewController.swift in Sources */ = {isa = PBXBuildFile; fileRef = 3DE9D18D1FD8A6700096DDC6 /* ViewController.swift */; };
		3DE9D1911FD8A6700096DDC6 /* Main.storyboard in Resources */ = {isa = PBXBuildFile; fileRef = 3DE9D18F1FD8A6700096DDC6 /* Main.storyboard */; };
		3DE9D1931FD8A6700096DDC6 /* Assets.xcassets in Resources */ = {isa = PBXBuildFile; fileRef = 3DE9D1921FD8A6700096DDC6 /* Assets.xcassets */; };
		3DE9D1961FD8A6700096DDC6 /* LaunchScreen.storyboard in Resources */ = {isa = PBXBuildFile; fileRef = 3DE9D1941FD8A6700096DDC6 /* LaunchScreen.storyboard */; };
/* End PBXBuildFile section */

/* Begin PBXFileReference section */
		3DE9D1881FD8A6700096DDC6 /* IconOverlaying.app */ = {isa = PBXFileReference; explicitFileType = wrapper.application; includeInIndex = 0; path = IconOverlaying.app; sourceTree = BUILT_PRODUCTS_DIR; };
		3DE9D18B1FD8A6700096DDC6 /* AppDelegate.swift */ = {isa = PBXFileReference; lastKnownFileType = sourcecode.swift; path = AppDelegate.swift; sourceTree = "<group>"; };
		3DE9D18D1FD8A6700096DDC6 /* ViewController.swift */ = {isa = PBXFileReference; lastKnownFileType = sourcecode.swift; path = ViewController.swift; sourceTree = "<group>"; };
		3DE9D1901FD8A6700096DDC6 /* Base */ = {isa = PBXFileReference; lastKnownFileType = file.storyboard; name = Base; path = Base.lproj/Main.storyboard; sourceTree = "<group>"; };
		3DE9D1921FD8A6700096DDC6 /* Assets.xcassets */ = {isa = PBXFileReference; lastKnownFileType = folder.assetcatalog; path = Assets.xcassets; sourceTree = "<group>"; };
		3DE9D1951FD8A6700096DDC6 /* Base */ = {isa = PBXFileReference; lastKnownFileType = file.storyboard; name = Base; path = Base.lproj/LaunchScreen.storyboard; sourceTree = "<group>"; };
		3DE9D1971FD8A6700096DDC6 /* Info.plist */ = {isa = PBXFileReference; lastKnownFileType = text.plist.xml; path = Info.plist; sourceTree = "<group>"; };
/* End PBXFileReference section */

/* Begin PBXFrameworksBuildPhase section */
		3DE9D1851FD8A6700096DDC6 /* Frameworks */ = {
			isa = PBXFrameworksBuildPhase;
			buildActionMask = 2147483647;
			files = (
			);
			runOnlyForDeploymentPostprocessing = 0;
		};
/* End PBXFrameworksBuildPhase section */

/* Begin PBXGroup section */
		3DE9D17F1FD8A6700096DDC6 = {
			isa = PBXGroup;
			children = (
				3DE9D18A1FD8A6700096DDC6 /* IconOverlaying */,
				3DE9D1891FD8A6700096DDC6 /* Products */,
			);
			sourceTree = "<group>";
		};
		3DE9D1891FD8A6700096DDC6 /* Products */ = {
			isa = PBXGroup;
			children = (
				3DE9D1881FD8A6700096DDC6 /* IconOverlaying.app */,
			);
			name = Products;
			sourceTree = "<group>";
		};
		3DE9D18A1FD8A6700096DDC6 /* IconOverlaying */ = {
			isa = PBXGroup;
			children = (
				3DE9D18B1FD8A6700096DDC6 /* AppDelegate.swift */,
				3DE9D18D1FD8A6700096DDC6 /* ViewController.swift */,
				3DE9D18F1FD8A6700096DDC6 /* Main.storyboard */,
				3DE9D1921FD8A6700096DDC6 /* Assets.xcassets */,
				3DE9D1941FD8A6700096DDC6 /* LaunchScreen.storyboard */,
				3DE9D1971FD8A6700096DDC6 /* Info.plist */,
			);
			path = IconOverlaying;
			sourceTree = "<group>";
		};
/* End PBXGroup section */

/* Begin PBXNativeTarget section */
		3DE9D1871FD8A6700096DDC6 /* IconOverlaying */ = {
			isa = PBXNativeTarget;
			buildConfigurationList = 3DE9D19A1FD8A6700096DDC6 /* Build configuration list for PBXNativeTarget "IconOverlaying" */;
			buildPhases = (
				3DE9D1841FD8A6700096DDC6 /* Sources */,
				3DE9D1851FD8A6700096DDC6 /* Frameworks */,
				3DE9D19D1FD8A68C0096DDC6 /* ShellScript */,
				3DE9D1861FD8A6700096DDC6 /* Resources */,
			);
			buildRules = (
			);
			dependencies = (
			);
			name = IconOverlaying;
			productName = IconOverlaying;
			productReference = 3DE9D1881FD8A6700096DDC6 /* IconOverlaying.app */;
			productType = "com.apple.product-type.application";
		};
/* End PBXNativeTarget section */

/* Begin PBXProject section */
		3DE9D1801FD8A6700096DDC6 /* Project object */ = {
			isa = PBXProject;
			attributes = {
				LastSwiftUpdateCheck = 0910;
				LastUpgradeCheck = 0910;
				ORGANIZATIONNAME = BinaryBoy;
				TargetAttributes = {
					3DE9D1871FD8A6700096DDC6 = {
						CreatedOnToolsVersion = 9.1;
						ProvisioningStyle = Automatic;
					};
				};
			};
			buildConfigurationList = 3DE9D1831FD8A6700096DDC6 /* Build configuration list for PBXProject "IconOverlaying" */;
			compatibilityVersion = "Xcode 8.0";
			developmentRegion = en;
			hasScannedForEncodings = 0;
			knownRegions = (
				en,
				Base,
			);
			mainGroup = 3DE9D17F1FD8A6700096DDC6;
			productRefGroup = 3DE9D1891FD8A6700096DDC6 /* Products */;
			projectDirPath = "";
			projectRoot = "";
			targets = (
				3DE9D1871FD8A6700096DDC6 /* IconOverlaying */,
			);
		};
/* End PBXProject section */

/* Begin PBXResourcesBuildPhase section */
		3DE9D1861FD8A6700096DDC6 /* Resources */ = {
			isa = PBXResourcesBuildPhase;
			buildActionMask = 2147483647;
			files = (
				3DE9D1961FD8A6700096DDC6 /* LaunchScreen.storyboard in Resources */,
				3DE9D1931FD8A6700096DDC6 /* Assets.xcassets in Resources */,
				3DE9D1911FD8A6700096DDC6 /* Main.storyboard in Resources */,
			);
			runOnlyForDeploymentPostprocessing = 0;
		};
/* End PBXResourcesBuildPhase section */

/* Begin PBXShellScriptBuildPhase section */
		3DE9D19D1FD8A68C0096DDC6 /* ShellScript */ = {
			isa = PBXShellScriptBuildPhase;
			buildActionMask = 2147483647;
			files = (
			);
			inputPaths = (
			);
			outputPaths = (
			);
			runOnlyForDeploymentPostprocessing = 0;
			shellPath = /bin/sh;
			shellScript = "\"${SRCROOT}/Scripts/iconVersioning.sh\"";
		};
/* End PBXShellScriptBuildPhase section */

/* Begin PBXSourcesBuildPhase section */
		3DE9D1841FD8A6700096DDC6 /* Sources */ = {
			isa = PBXSourcesBuildPhase;
			buildActionMask = 2147483647;
			files = (
				3DE9D18E1FD8A6700096DDC6 /* ViewController.swift in Sources */,
				3DE9D18C1FD8A6700096DDC6 /* AppDelegate.swift in Sources */,
			);
			runOnlyForDeploymentPostprocessing = 0;
		};
/* End PBXSourcesBuildPhase section */

/* Begin PBXVariantGroup section */
		3DE9D18F1FD8A6700096DDC6 /* Main.storyboard */ = {
			isa = PBXVariantGroup;
			children = (
				3DE9D1901FD8A6700096DDC6 /* Base */,
			);
			name = Main.storyboard;
			sourceTree = "<group>";
		};
		3DE9D1941FD8A6700096DDC6 /* LaunchScreen.storyboard */ = {
			isa = PBXVariantGroup;
			children = (
				3DE9D1951FD8A6700096DDC6 /* Base */,
			);
			name = LaunchScreen.storyboard;
			sourceTree = "<group>";
		};
/* End PBXVariantGroup section */

/* Begin XCBuildConfiguration section */
		3DE9D1981FD8A6700096DDC6 /* Debug */ = {
			isa = XCBuildConfiguration;
			buildSettings = {
				ALWAYS_SEARCH_USER_PATHS = NO;
				CLANG_ANALYZER_NONNULL = YES;
				CLANG_ANALYZER_NUMBER_OBJECT_CONVERSION = YES_AGGRESSIVE;
				CLANG_CXX_LANGUAGE_STANDARD = "gnu++14";
				CLANG_CXX_LIBRARY = "libc++";
				CLANG_ENABLE_MODULES = YES;
				CLANG_ENABLE_OBJC_ARC = YES;
				CLANG_WARN_BLOCK_CAPTURE_AUTORELEASING = YES;
				CLANG_WARN_BOOL_CONVERSION = YES;
				CLANG_WARN_COMMA = YES;
				CLANG_WARN_CONSTANT_CONVERSION = YES;
				CLANG_WARN_DIRECT_OBJC_ISA_USAGE = YES_ERROR;
				CLANG_WARN_DOCUMENTATION_COMMENTS = YES;
				CLANG_WARN_EMPTY_BODY = YES;
				CLANG_WARN_ENUM_CONVERSION = YES;
				CLANG_WARN_INFINITE_RECURSION = YES;
				CLANG_WARN_INT_CONVERSION = YES;
				CLANG_WARN_NON_LITERAL_NULL_CONVERSION = YES;
				CLANG_WARN_OBJC_LITERAL_CONVERSION = YES;
				CLANG_WARN_OBJC_ROOT_CLASS = YES_ERROR;
				CLANG_WARN_RANGE_LOOP_ANALYSIS = YES;
				CLANG_WARN_STRICT_PROTOTYPES = YES;
				CLANG_WARN_SUSPICIOUS_MOVE = YES;
				CLANG_WARN_UNGUARDED_AVAILABILITY = YES_AGGRESSIVE;
				CLANG_WARN_UNREACHABLE_CODE = YES;
				CLANG_WARN__DUPLICATE_METHOD_MATCH = YES;
				CODE_SIGN_IDENTITY = "iPhone Developer";
				COPY_PHASE_STRIP = NO;
				DEBUG_INFORMATION_FORMAT = dwarf;
				ENABLE_STRICT_OBJC_MSGSEND = YES;
				ENABLE_TESTABILITY = YES;
				GCC_C_LANGUAGE_STANDARD = gnu11;
				GCC_DYNAMIC_NO_PIC = NO;
				GCC_NO_COMMON_BLOCKS = YES;
				GCC_OPTIMIZATION_LEVEL = 0;
				GCC_PREPROCESSOR_DEFINITIONS = (
					"DEBUG=1",
					"$(inherited)",
				);
				GCC_WARN_64_TO_32_BIT_CONVERSION = YES;
				GCC_WARN_ABOUT_RETURN_TYPE = YES_ERROR;
				GCC_WARN_UNDECLARED_SELECTOR = YES;
				GCC_WARN_UNINITIALIZED_AUTOS = YES_AGGRESSIVE;
				GCC_WARN_UNUSED_FUNCTION = YES;
				GCC_WARN_UNUSED_VARIABLE = YES;
				IPHONEOS_DEPLOYMENT_TARGET = 11.1;
				MTL_ENABLE_DEBUG_INFO = YES;
				ONLY_ACTIVE_ARCH = YES;
				SDKROOT = iphoneos;
				SWIFT_ACTIVE_COMPILATION_CONDITIONS = DEBUG;
				SWIFT_OPTIMIZATION_LEVEL = "-Onone";
			};
			name = Debug;
		};
		3DE9D1991FD8A6700096DDC6 /* Release */ = {
			isa = XCBuildConfiguration;
			buildSettings = {
				ALWAYS_SEARCH_USER_PATHS = NO;
				CLANG_ANALYZER_NONNULL = YES;
				CLANG_ANALYZER_NUMBER_OBJECT_CONVERSION = YES_AGGRESSIVE;
				CLANG_CXX_LANGUAGE_STANDARD = "gnu++14";
				CLANG_CXX_LIBRARY = "libc++";
				CLANG_ENABLE_MODULES = YES;
				CLANG_ENABLE_OBJC_ARC = YES;
				CLANG_WARN_BLOCK_CAPTURE_AUTORELEASING = YES;
				CLANG_WARN_BOOL_CONVERSION = YES;
				CLANG_WARN_COMMA = YES;
				CLANG_WARN_CONSTANT_CONVERSION = YES;
				CLANG_WARN_DIRECT_OBJC_ISA_USAGE = YES_ERROR;
				CLANG_WARN_DOCUMENTATION_COMMENTS = YES;
				CLANG_WARN_EMPTY_BODY = YES;
				CLANG_WARN_ENUM_CONVERSION = YES;
				CLANG_WARN_INFINITE_RECURSION = YES;
				CLANG_WARN_INT_CONVERSION = YES;
				CLANG_WARN_NON_LITERAL_NULL_CONVERSION = YES;
				CLANG_WARN_OBJC_LITERAL_CONVERSION = YES;
				CLANG_WARN_OBJC_ROOT_CLASS = YES_ERROR;
				CLANG_WARN_RANGE_LOOP_ANALYSIS = YES;
				CLANG_WARN_STRICT_PROTOTYPES = YES;
				CLANG_WARN_SUSPICIOUS_MOVE = YES;
				CLANG_WARN_UNGUARDED_AVAILABILITY = YES_AGGRESSIVE;
				CLANG_WARN_UNREACHABLE_CODE = YES;
				CLANG_WARN__DUPLICATE_METHOD_MATCH = YES;
				CODE_SIGN_IDENTITY = "iPhone Developer";
				COPY_PHASE_STRIP = NO;
				DEBUG_INFORMATION_FORMAT = "dwarf-with-dsym";
				ENABLE_NS_ASSERTIONS = NO;
				ENABLE_STRICT_OBJC_MSGSEND = YES;
				GCC_C_LANGUAGE_STANDARD = gnu11;
				GCC_NO_COMMON_BLOCKS = YES;
				GCC_WARN_64_TO_32_BIT_CONVERSION = YES;
				GCC_WARN_ABOUT_RETURN_TYPE = YES_ERROR;
				GCC_WARN_UNDECLARED_SELECTOR = YES;
				GCC_WARN_UNINITIALIZED_AUTOS = YES_AGGRESSIVE;
				GCC_WARN_UNUSED_FUNCTION = YES;
				GCC_WARN_UNUSED_VARIABLE = YES;
				IPHONEOS_DEPLOYMENT_TARGET = 11.1;
				MTL_ENABLE_DEBUG_INFO = NO;
				SDKROOT = iphoneos;
				SWIFT_OPTIMIZATION_LEVEL = "-Owholemodule";
				VALIDATE_PRODUCT = YES;
			};
			name = Release;
		};
		3DE9D19B1FD8A6700096DDC6 /* Debug */ = {
			isa = XCBuildConfiguration;
			buildSettings = {
				ASSETCATALOG_COMPILER_APPICON_NAME = AppIcon;
				CODE_SIGN_STYLE = Automatic;
				DEVELOPMENT_TEAM = 7QH458A3QD;
				INFOPLIST_FILE = IconOverlaying/Info.plist;
				LD_RUNPATH_SEARCH_PATHS = "$(inherited) @executable_path/Frameworks";
				PRODUCT_BUNDLE_IDENTIFIER = dimo.hamdy.IconOverlaying;
				PRODUCT_NAME = "$(TARGET_NAME)";
				SWIFT_VERSION = 4.0;
				TARGETED_DEVICE_FAMILY = "1,2";
			};
			name = Debug;
		};
		3DE9D19C1FD8A6700096DDC6 /* Release */ = {
			isa = XCBuildConfiguration;
			buildSettings = {
				ASSETCATALOG_COMPILER_APPICON_NAME = AppIcon;
				CODE_SIGN_STYLE = Automatic;
				DEVELOPMENT_TEAM = 7QH458A3QD;
				INFOPLIST_FILE = IconOverlaying/Info.plist;
				LD_RUNPATH_SEARCH_PATHS = "$(inherited) @executable_path/Frameworks";
				PRODUCT_BUNDLE_IDENTIFIER = dimo.hamdy.IconOverlaying;
				PRODUCT_NAME = "$(TARGET_NAME)";
				SWIFT_VERSION = 4.0;
				TARGETED_DEVICE_FAMILY = "1,2";
			};
			name = Release;
		};
/* End XCBuildConfiguration section */

/* Begin XCConfigurationList section */
		3DE9D1831FD8A6700096DDC6 /* Build configuration list for PBXProject "IconOverlaying" */ = {
			isa = XCConfigurationList;
			buildConfigurations = (
				3DE9D1981FD8A6700096DDC6 /* Debug */,
				3DE9D1991FD8A6700096DDC6 /* Release */,
			);
			defaultConfigurationIsVisible = 0;
			defaultConfigurationName = Release;
		};
		3DE9D19A1FD8A6700096DDC6 /* Build configuration list for PBXNativeTarget "IconOverlaying" */ = {
			isa = XCConfigurationList;
			buildConfigurations = (
				3DE9D19B1FD8A6700096DDC6 /* Debug */,
				3DE9D19C1FD8A6700096DDC6 /* Release */,
			);
			defaultConfigurationIsVisible = 0;
			defaultConfigurationName = Release;
		};
/* End XCConfigurationList section */
	};
	rootObject = 3DE9D1801FD8A6700096DDC6 /* Project object */;
}
